
Microsoft Visual Studio Solution File, Format Version 12.00
# Visual Studio 2013
VisualStudioVersion = 12.0.21005.1
MinimumVisualStudioVersion = 10.0.40219.1
Project("{2150E333-8FDC-42A3-9474-1A3956D46DE8}") = "src", "src", "{9F3E19F1-5354-4225-B3ED-20A71C756864}"
EndProject
Project("{FAE04EC0-301F-11D3-BF4B-00C04F79EFBC}") = "BridgedRpc.Server", "src\BridgedRpc.Server\BridgedRpc.Server.csproj", "{32923E44-2C30-444F-9E09-89740CBFB196}"
EndProject
Project("{FAE04EC0-301F-11D3-BF4B-00C04F79EFBC}") = "BridgedRpc.Infrastructure", "src\BridgedRpc.Infrastructure\BridgedRpc.Infrastructure.csproj", "{F0E69C0B-884C-4435-9131-D8C5C5BE03AA}"
EndProject
Project("{FAE04EC0-301F-11D3-BF4B-00C04F79EFBC}") = "BridgedRpc.Bridge", "src\BridgedRpc.Bridge\BridgedRpc.Bridge.csproj", "{0DB53D87-B4ED-4966-B8E5-2999E8CCC89C}"
EndProject
Project("{FAE04EC0-301F-11D3-BF4B-00C04F79EFBC}") = "BridgedRpc.Client", "src\BridgedRpc.Client\BridgedRpc.Client.csproj", "{3D748B09-895F-4DB7-BD40-8A84667494DE}"
EndProject
Project("{2150E333-8FDC-42A3-9474-1A3956D46DE8}") = "Solution Items", "Solution Items", "{C373847F-928B-425D-818E-006F490B38A9}"
	ProjectSection(SolutionItems) = preProject
		README.md = README.md
	EndProjectSection
EndProject
Project("{2150E333-8FDC-42A3-9474-1A3956D46DE8}") = "samples", "samples", "{5BA84027-5A80-44ED-92C8-E2294BEA3BFD}"
EndProject
Project("{2150E333-8FDC-42A3-9474-1A3956D46DE8}") = "tests", "tests", "{2BCAEC63-37A4-46CA-8B4E-2F1D55A58A92}"
EndProject
Project("{FAE04EC0-301F-11D3-BF4B-00C04F79EFBC}") = "BridgedRpc.Bridge.Tests", "tests\BridgedRpc.Bridge.Tests\BridgedRpc.Bridge.Tests.csproj", "{4F9A99B1-2956-4DFE-B6CF-7BB970060081}"
EndProject
Project("{2150E333-8FDC-42A3-9474-1A3956D46DE8}") = "Basic", "Basic", "{55298CFF-9CC9-4BC2-9B0C-1816D7C96056}"
EndProject
Project("{FAE04EC0-301F-11D3-BF4B-00C04F79EFBC}") = "BasicServer", "samples\Basic\BasicServer\BasicServer.csproj", "{DD4412AD-A885-4DAE-88D8-3818236E2E34}"
EndProject
Project("{FAE04EC0-301F-11D3-BF4B-00C04F79EFBC}") = "BasicWebBridge", "samples\Basic\BasicWebBridge\BasicWebBridge.csproj", "{A8AC3C4C-A5BC-4F16-8326-E65C5D687955}"
EndProject
Global
	GlobalSection(SolutionConfigurationPlatforms) = preSolution
		Debug|Any CPU = Debug|Any CPU
		Release|Any CPU = Release|Any CPU
	EndGlobalSection
	GlobalSection(ProjectConfigurationPlatforms) = postSolution
		{32923E44-2C30-444F-9E09-89740CBFB196}.Debug|Any CPU.ActiveCfg = Debug|Any CPU
		{32923E44-2C30-444F-9E09-89740CBFB196}.Debug|Any CPU.Build.0 = Debug|Any CPU
		{32923E44-2C30-444F-9E09-89740CBFB196}.Release|Any CPU.ActiveCfg = Release|Any CPU
		{32923E44-2C30-444F-9E09-89740CBFB196}.Release|Any CPU.Build.0 = Release|Any CPU
		{F0E69C0B-884C-4435-9131-D8C5C5BE03AA}.Debug|Any CPU.ActiveCfg = Debug|Any CPU
		{F0E69C0B-884C-4435-9131-D8C5C5BE03AA}.Debug|Any CPU.Build.0 = Debug|Any CPU
		{F0E69C0B-884C-4435-9131-D8C5C5BE03AA}.Release|Any CPU.ActiveCfg = Release|Any CPU
		{F0E69C0B-884C-4435-9131-D8C5C5BE03AA}.Release|Any CPU.Build.0 = Release|Any CPU
		{0DB53D87-B4ED-4966-B8E5-2999E8CCC89C}.Debug|Any CPU.ActiveCfg = Debug|Any CPU
		{0DB53D87-B4ED-4966-B8E5-2999E8CCC89C}.Debug|Any CPU.Build.0 = Debug|Any CPU
		{0DB53D87-B4ED-4966-B8E5-2999E8CCC89C}.Release|Any CPU.ActiveCfg = Release|Any CPU
		{0DB53D87-B4ED-4966-B8E5-2999E8CCC89C}.Release|Any CPU.Build.0 = Release|Any CPU
		{3D748B09-895F-4DB7-BD40-8A84667494DE}.Debug|Any CPU.ActiveCfg = Debug|Any CPU
		{3D748B09-895F-4DB7-BD40-8A84667494DE}.Debug|Any CPU.Build.0 = Debug|Any CPU
		{3D748B09-895F-4DB7-BD40-8A84667494DE}.Release|Any CPU.ActiveCfg = Release|Any CPU
		{3D748B09-895F-4DB7-BD40-8A84667494DE}.Release|Any CPU.Build.0 = Release|Any CPU
		{4F9A99B1-2956-4DFE-B6CF-7BB970060081}.Debug|Any CPU.ActiveCfg = Debug|Any CPU
		{4F9A99B1-2956-4DFE-B6CF-7BB970060081}.Debug|Any CPU.Build.0 = Debug|Any CPU
		{4F9A99B1-2956-4DFE-B6CF-7BB970060081}.Release|Any CPU.ActiveCfg = Release|Any CPU
		{4F9A99B1-2956-4DFE-B6CF-7BB970060081}.Release|Any CPU.Build.0 = Release|Any CPU
		{DD4412AD-A885-4DAE-88D8-3818236E2E34}.Debug|Any CPU.ActiveCfg = Debug|Any CPU
		{DD4412AD-A885-4DAE-88D8-3818236E2E34}.Debug|Any CPU.Build.0 = Debug|Any CPU
		{DD4412AD-A885-4DAE-88D8-3818236E2E34}.Release|Any CPU.ActiveCfg = Release|Any CPU
		{DD4412AD-A885-4DAE-88D8-3818236E2E34}.Release|Any CPU.Build.0 = Release|Any CPU
		{A8AC3C4C-A5BC-4F16-8326-E65C5D687955}.Debug|Any CPU.ActiveCfg = Debug|Any CPU
		{A8AC3C4C-A5BC-4F16-8326-E65C5D687955}.Debug|Any CPU.Build.0 = Debug|Any CPU
		{A8AC3C4C-A5BC-4F16-8326-E65C5D687955}.Release|Any CPU.ActiveCfg = Release|Any CPU
		{A8AC3C4C-A5BC-4F16-8326-E65C5D687955}.Release|Any CPU.Build.0 = Release|Any CPU
	EndGlobalSection
	GlobalSection(SolutionProperties) = preSolution
		HideSolutionNode = FALSE
	EndGlobalSection
	GlobalSection(NestedProjects) = preSolution
		{32923E44-2C30-444F-9E09-89740CBFB196} = {9F3E19F1-5354-4225-B3ED-20A71C756864}
		{F0E69C0B-884C-4435-9131-D8C5C5BE03AA} = {9F3E19F1-5354-4225-B3ED-20A71C756864}
		{0DB53D87-B4ED-4966-B8E5-2999E8CCC89C} = {9F3E19F1-5354-4225-B3ED-20A71C756864}
		{3D748B09-895F-4DB7-BD40-8A84667494DE} = {9F3E19F1-5354-4225-B3ED-20A71C756864}
		{55298CFF-9CC9-4BC2-9B0C-1816D7C96056} = {5BA84027-5A80-44ED-92C8-E2294BEA3BFD}
		{4F9A99B1-2956-4DFE-B6CF-7BB970060081} = {2BCAEC63-37A4-46CA-8B4E-2F1D55A58A92}
		{DD4412AD-A885-4DAE-88D8-3818236E2E34} = {55298CFF-9CC9-4BC2-9B0C-1816D7C96056}
		{A8AC3C4C-A5BC-4F16-8326-E65C5D687955} = {55298CFF-9CC9-4BC2-9B0C-1816D7C96056}
	EndGlobalSection
EndGlobal
